# This file is automatically @generated by Cargo.
# It is not intended for manual editing.
version = 4

[[package]]
name = "duplicate_encoder"
version = "0.1.0"

[[package]]
name = "either"
version = "1.13.0"
source = "registry+https://github.com/rust-lang/crates.io-index"
checksum = "60b1af1c220855b6ceac025d3f6ecdd2b7c4894bfe9cd9bda4fbb4bc7c0d4cf0"

[[package]]
name = "simple_encryption_turn_the_bits_around"
version = "0.1.0"

[[package]]
name = "sum_mixed_array"
version = "0.1.0"
dependencies = [
 "either",
]

[[package]]
name = "take_a_ten_minutes_walk"
version = "0.1.0"
